
Microsoft Visual Studio Solution File, Format Version 12.00
# Visual Studio Version 17
VisualStudioVersion = 17.11.35327.3
MinimumVisualStudioVersion = 10.0.40219.1
Project("{8BC9CEB8-8B4A-11D0-8D11-00A0C91BC942}") = "v1", "v1\v1.vcxproj", "{671B5448-0D17-42C0-96CD-50192C81246A}"
EndProject
Project("{8BC9CEB8-8B4A-11D0-8D11-00A0C91BC942}") = "vj2", "vj2\vj2.vcxproj", "{91C5DC51-4796-42E9-B219-3BC38131EB4B}"
EndProject
Project("{8BC9CEB8-8B4A-11D0-8D11-00A0C91BC942}") = "vj3", "vj3\vj3.vcxproj", "{338AFC27-026F-49C7-B6FB-4E4E441C0EAE}"
EndProject
Project("{8BC9CEB8-8B4A-11D0-8D11-00A0C91BC942}") = "vj4", "vj4\vj4.vcxproj", "{ED36D08F-F6A6-4EF5-B9E9-83DCE86694AD}"
EndProject
Project("{8BC9CEB8-8B4A-11D0-8D11-00A0C91BC942}") = "vj5", "vj5\vj5.vcxproj", "{FFB443C9-D1B3-4F74-896B-4D673897C1FA}"
EndProject
Project("{8BC9CEB8-8B4A-11D0-8D11-00A0C91BC942}") = "vj6", "vj6\vj6.vcxproj", "{38992DEF-C415-4BD3-88EA-A922F4D222A6}"
EndProject
Project("{8BC9CEB8-8B4A-11D0-8D11-00A0C91BC942}") = "vj7", "vj7\vj7.vcxproj", "{04B094C4-5F8F-4861-9FA8-98CF4D01E619}"
EndProject
Project("{8BC9CEB8-8B4A-11D0-8D11-00A0C91BC942}") = "vj8", "vj8\vj8.vcxproj", "{A1065FC6-944C-4346-9D47-88005CFBCFAB}"
EndProject
Project("{8BC9CEB8-8B4A-11D0-8D11-00A0C91BC942}") = "vj9", "vj9\vj9.vcxproj", "{44F5A0A8-588E-4378-9A17-B5D734BE9B29}"
EndProject
Global
	GlobalSection(SolutionConfigurationPlatforms) = preSolution
		Debug|x64 = Debug|x64
		Debug|x86 = Debug|x86
		Release|x64 = Release|x64
		Release|x86 = Release|x86
	EndGlobalSection
	GlobalSection(ProjectConfigurationPlatforms) = postSolution
		{671B5448-0D17-42C0-96CD-50192C81246A}.Debug|x64.ActiveCfg = Debug|x64
		{671B5448-0D17-42C0-96CD-50192C81246A}.Debug|x64.Build.0 = Debug|x64
		{671B5448-0D17-42C0-96CD-50192C81246A}.Debug|x86.ActiveCfg = Debug|Win32
		{671B5448-0D17-42C0-96CD-50192C81246A}.Debug|x86.Build.0 = Debug|Win32
		{671B5448-0D17-42C0-96CD-50192C81246A}.Release|x64.ActiveCfg = Release|x64
		{671B5448-0D17-42C0-96CD-50192C81246A}.Release|x64.Build.0 = Release|x64
		{671B5448-0D17-42C0-96CD-50192C81246A}.Release|x86.ActiveCfg = Release|Win32
		{671B5448-0D17-42C0-96CD-50192C81246A}.Release|x86.Build.0 = Release|Win32
		{91C5DC51-4796-42E9-B219-3BC38131EB4B}.Debug|x64.ActiveCfg = Debug|x64
		{91C5DC51-4796-42E9-B219-3BC38131EB4B}.Debug|x64.Build.0 = Debug|x64
		{91C5DC51-4796-42E9-B219-3BC38131EB4B}.Debug|x86.ActiveCfg = Debug|Win32
		{91C5DC51-4796-42E9-B219-3BC38131EB4B}.Debug|x86.Build.0 = Debug|Win32
		{91C5DC51-4796-42E9-B219-3BC38131EB4B}.Release|x64.ActiveCfg = Release|x64
		{91C5DC51-4796-42E9-B219-3BC38131EB4B}.Release|x64.Build.0 = Release|x64
		{91C5DC51-4796-42E9-B219-3BC38131EB4B}.Release|x86.ActiveCfg = Release|Win32
		{91C5DC51-4796-42E9-B219-3BC38131EB4B}.Release|x86.Build.0 = Release|Win32
		{338AFC27-026F-49C7-B6FB-4E4E441C0EAE}.Debug|x64.ActiveCfg = Debug|x64
		{338AFC27-026F-49C7-B6FB-4E4E441C0EAE}.Debug|x64.Build.0 = Debug|x64
		{338AFC27-026F-49C7-B6FB-4E4E441C0EAE}.Debug|x86.ActiveCfg = Debug|Win32
		{338AFC27-026F-49C7-B6FB-4E4E441C0EAE}.Debug|x86.Build.0 = Debug|Win32
		{338AFC27-026F-49C7-B6FB-4E4E441C0EAE}.Release|x64.ActiveCfg = Release|x64
		{338AFC27-026F-49C7-B6FB-4E4E441C0EAE}.Release|x64.Build.0 = Release|x64
		{338AFC27-026F-49C7-B6FB-4E4E441C0EAE}.Release|x86.ActiveCfg = Release|Win32
		{338AFC27-026F-49C7-B6FB-4E4E441C0EAE}.Release|x86.Build.0 = Release|Win32
		{ED36D08F-F6A6-4EF5-B9E9-83DCE86694AD}.Debug|x64.ActiveCfg = Debug|x64
		{ED36D08F-F6A6-4EF5-B9E9-83DCE86694AD}.Debug|x64.Build.0 = Debug|x64
		{ED36D08F-F6A6-4EF5-B9E9-83DCE86694AD}.Debug|x86.ActiveCfg = Debug|Win32
		{ED36D08F-F6A6-4EF5-B9E9-83DCE86694AD}.Debug|x86.Build.0 = Debug|Win32
		{ED36D08F-F6A6-4EF5-B9E9-83DCE86694AD}.Release|x64.ActiveCfg = Release|x64
		{ED36D08F-F6A6-4EF5-B9E9-83DCE86694AD}.Release|x64.Build.0 = Release|x64
		{ED36D08F-F6A6-4EF5-B9E9-83DCE86694AD}.Release|x86.ActiveCfg = Release|Win32
		{ED36D08F-F6A6-4EF5-B9E9-83DCE86694AD}.Release|x86.Build.0 = Release|Win32
		{FFB443C9-D1B3-4F74-896B-4D673897C1FA}.Debug|x64.ActiveCfg = Debug|x64
		{FFB443C9-D1B3-4F74-896B-4D673897C1FA}.Debug|x64.Build.0 = Debug|x64
		{FFB443C9-D1B3-4F74-896B-4D673897C1FA}.Debug|x86.ActiveCfg = Debug|Win32
		{FFB443C9-D1B3-4F74-896B-4D673897C1FA}.Debug|x86.Build.0 = Debug|Win32
		{FFB443C9-D1B3-4F74-896B-4D673897C1FA}.Release|x64.ActiveCfg = Release|x64
		{FFB443C9-D1B3-4F74-896B-4D673897C1FA}.Release|x64.Build.0 = Release|x64
		{FFB443C9-D1B3-4F74-896B-4D673897C1FA}.Release|x86.ActiveCfg = Release|Win32
		{FFB443C9-D1B3-4F74-896B-4D673897C1FA}.Release|x86.Build.0 = Release|Win32
		{38992DEF-C415-4BD3-88EA-A922F4D222A6}.Debug|x64.ActiveCfg = Debug|x64
		{38992DEF-C415-4BD3-88EA-A922F4D222A6}.Debug|x64.Build.0 = Debug|x64
		{38992DEF-C415-4BD3-88EA-A922F4D222A6}.Debug|x86.ActiveCfg = Debug|Win32
		{38992DEF-C415-4BD3-88EA-A922F4D222A6}.Debug|x86.Build.0 = Debug|Win32
		{38992DEF-C415-4BD3-88EA-A922F4D222A6}.Release|x64.ActiveCfg = Release|x64
		{38992DEF-C415-4BD3-88EA-A922F4D222A6}.Release|x64.Build.0 = Release|x64
		{38992DEF-C415-4BD3-88EA-A922F4D222A6}.Release|x86.ActiveCfg = Release|Win32
		{38992DEF-C415-4BD3-88EA-A922F4D222A6}.Release|x86.Build.0 = Release|Win32
		{04B094C4-5F8F-4861-9FA8-98CF4D01E619}.Debug|x64.ActiveCfg = Debug|x64
		{04B094C4-5F8F-4861-9FA8-98CF4D01E619}.Debug|x64.Build.0 = Debug|x64
		{04B094C4-5F8F-4861-9FA8-98CF4D01E619}.Debug|x86.ActiveCfg = Debug|Win32
		{04B094C4-5F8F-4861-9FA8-98CF4D01E619}.Debug|x86.Build.0 = Debug|Win32
		{04B094C4-5F8F-4861-9FA8-98CF4D01E619}.Release|x64.ActiveCfg = Release|x64
		{04B094C4-5F8F-4861-9FA8-98CF4D01E619}.Release|x64.Build.0 = Release|x64
		{04B094C4-5F8F-4861-9FA8-98CF4D01E619}.Release|x86.ActiveCfg = Release|Win32
		{04B094C4-5F8F-4861-9FA8-98CF4D01E619}.Release|x86.Build.0 = Release|Win32
		{A1065FC6-944C-4346-9D47-88005CFBCFAB}.Debug|x64.ActiveCfg = Debug|x64
		{A1065FC6-944C-4346-9D47-88005CFBCFAB}.Debug|x64.Build.0 = Debug|x64
		{A1065FC6-944C-4346-9D47-88005CFBCFAB}.Debug|x86.ActiveCfg = Debug|Win32
		{A1065FC6-944C-4346-9D47-88005CFBCFAB}.Debug|x86.Build.0 = Debug|Win32
		{A1065FC6-944C-4346-9D47-88005CFBCFAB}.Release|x64.ActiveCfg = Release|x64
		{A1065FC6-944C-4346-9D47-88005CFBCFAB}.Release|x64.Build.0 = Release|x64
		{A1065FC6-944C-4346-9D47-88005CFBCFAB}.Release|x86.ActiveCfg = Release|Win32
		{A1065FC6-944C-4346-9D47-88005CFBCFAB}.Release|x86.Build.0 = Release|Win32
		{44F5A0A8-588E-4378-9A17-B5D734BE9B29}.Debug|x64.ActiveCfg = Debug|x64
		{44F5A0A8-588E-4378-9A17-B5D734BE9B29}.Debug|x64.Build.0 = Debug|x64
		{44F5A0A8-588E-4378-9A17-B5D734BE9B29}.Debug|x86.ActiveCfg = Debug|Win32
		{44F5A0A8-588E-4378-9A17-B5D734BE9B29}.Debug|x86.Build.0 = Debug|Win32
		{44F5A0A8-588E-4378-9A17-B5D734BE9B29}.Release|x64.ActiveCfg = Release|x64
		{44F5A0A8-588E-4378-9A17-B5D734BE9B29}.Release|x64.Build.0 = Release|x64
		{44F5A0A8-588E-4378-9A17-B5D734BE9B29}.Release|x86.ActiveCfg = Release|Win32
		{44F5A0A8-588E-4378-9A17-B5D734BE9B29}.Release|x86.Build.0 = Release|Win32
	EndGlobalSection
	GlobalSection(SolutionProperties) = preSolution
		HideSolutionNode = FALSE
	EndGlobalSection
	GlobalSection(ExtensibilityGlobals) = postSolution
		SolutionGuid = {EFAA4536-2007-4447-AF37-56FCFB5067F8}
	EndGlobalSection
EndGlobal
